
Microsoft Visual Studio Solution File, Format Version 12.00
# Visual Studio 15
VisualStudioVersion = 15.0.28307.757
MinimumVisualStudioVersion = 10.0.40219.1
Project("{FAE04EC0-301F-11D3-BF4B-00C04F79EFBC}") = "MercadOn", "MercadOn\MercadOn.csproj", "{2F5C7F7E-A5F6-4506-9050-30A4AA8953C3}"
EndProject
Project("{FAE04EC0-301F-11D3-BF4B-00C04F79EFBC}") = "Entities", "Entities\Entities.csproj", "{C5F2F099-96EF-49EE-B691-4A1989880368}"
EndProject
Global
	GlobalSection(SolutionConfigurationPlatforms) = preSolution
		Debug|Any CPU = Debug|Any CPU
		Release|Any CPU = Release|Any CPU
	EndGlobalSection
	GlobalSection(ProjectConfigurationPlatforms) = postSolution
		{2F5C7F7E-A5F6-4506-9050-30A4AA8953C3}.Debug|Any CPU.ActiveCfg = Debug|Any CPU
		{2F5C7F7E-A5F6-4506-9050-30A4AA8953C3}.Debug|Any CPU.Build.0 = Debug|Any CPU
		{2F5C7F7E-A5F6-4506-9050-30A4AA8953C3}.Release|Any CPU.ActiveCfg = Release|Any CPU
		{2F5C7F7E-A5F6-4506-9050-30A4AA8953C3}.Release|Any CPU.Build.0 = Release|Any CPU
		{C5F2F099-96EF-49EE-B691-4A1989880368}.Debug|Any CPU.ActiveCfg = Debug|Any CPU
		{C5F2F099-96EF-49EE-B691-4A1989880368}.Debug|Any CPU.Build.0 = Debug|Any CPU
		{C5F2F099-96EF-49EE-B691-4A1989880368}.Release|Any CPU.ActiveCfg = Release|Any CPU
		{C5F2F099-96EF-49EE-B691-4A1989880368}.Release|Any CPU.Build.0 = Release|Any CPU
	EndGlobalSection
	GlobalSection(SolutionProperties) = preSolution
		HideSolutionNode = FALSE
	EndGlobalSection
	GlobalSection(ExtensibilityGlobals) = postSolution
		SolutionGuid = {A3DFAAE6-36B8-4757-9F5B-F3C5A90AA3C8}
	EndGlobalSection
EndGlobal
